
Microsoft Visual Studio Solution File, Format Version 12.00
# Visual Studio Version 17
VisualStudioVersion = 17.2.32516.85
MinimumVisualStudioVersion = 10.0.40219.1
Project("{2150E333-8FDC-42A3-9474-1A3956D46DE8}") = "Microservices", "Microservices", "{35658B28-DC98-4FD7-8E20-68234B4F1D92}"
EndProject
Project("{9A19103F-16F7-4668-BE54-9A1E7A4F7556}") = "Interfaces", "Interfaces\Interfaces.csproj", "{028371D4-CAAB-451A-A08D-690C4A759058}"
EndProject
Project("{9A19103F-16F7-4668-BE54-9A1E7A4F7556}") = "AuthorizationService", "AuthorizationService\AuthorizationService.csproj", "{6B66E7C2-F241-4F00-9ABE-5CFFB21BC175}"
EndProject
Project("{9A19103F-16F7-4668-BE54-9A1E7A4F7556}") = "DatabaseInfrastructure", "DatabaseInfrastructure\DatabaseInfrastructure.csproj", "{9A892447-3374-4120-9A3C-8C6B6C62411A}"
EndProject
Project("{9A19103F-16F7-4668-BE54-9A1E7A4F7556}") = "MediatorInfrastructure", "MediatorInfrastructure\MediatorInfrastructure.csproj", "{EC9C7F5A-421F-41AA-9944-D1F3A46354D5}"
EndProject
Global
	GlobalSection(SolutionConfigurationPlatforms) = preSolution
		Debug|Any CPU = Debug|Any CPU
		Release|Any CPU = Release|Any CPU
	EndGlobalSection
	GlobalSection(ProjectConfigurationPlatforms) = postSolution
		{028371D4-CAAB-451A-A08D-690C4A759058}.Debug|Any CPU.ActiveCfg = Debug|Any CPU
		{028371D4-CAAB-451A-A08D-690C4A759058}.Debug|Any CPU.Build.0 = Debug|Any CPU
		{028371D4-CAAB-451A-A08D-690C4A759058}.Release|Any CPU.ActiveCfg = Release|Any CPU
		{028371D4-CAAB-451A-A08D-690C4A759058}.Release|Any CPU.Build.0 = Release|Any CPU
		{6B66E7C2-F241-4F00-9ABE-5CFFB21BC175}.Debug|Any CPU.ActiveCfg = Debug|Any CPU
		{6B66E7C2-F241-4F00-9ABE-5CFFB21BC175}.Debug|Any CPU.Build.0 = Debug|Any CPU
		{6B66E7C2-F241-4F00-9ABE-5CFFB21BC175}.Release|Any CPU.ActiveCfg = Release|Any CPU
		{6B66E7C2-F241-4F00-9ABE-5CFFB21BC175}.Release|Any CPU.Build.0 = Release|Any CPU
		{9A892447-3374-4120-9A3C-8C6B6C62411A}.Debug|Any CPU.ActiveCfg = Debug|Any CPU
		{9A892447-3374-4120-9A3C-8C6B6C62411A}.Debug|Any CPU.Build.0 = Debug|Any CPU
		{9A892447-3374-4120-9A3C-8C6B6C62411A}.Release|Any CPU.ActiveCfg = Release|Any CPU
		{9A892447-3374-4120-9A3C-8C6B6C62411A}.Release|Any CPU.Build.0 = Release|Any CPU
		{EC9C7F5A-421F-41AA-9944-D1F3A46354D5}.Debug|Any CPU.ActiveCfg = Debug|Any CPU
		{EC9C7F5A-421F-41AA-9944-D1F3A46354D5}.Debug|Any CPU.Build.0 = Debug|Any CPU
		{EC9C7F5A-421F-41AA-9944-D1F3A46354D5}.Release|Any CPU.ActiveCfg = Release|Any CPU
		{EC9C7F5A-421F-41AA-9944-D1F3A46354D5}.Release|Any CPU.Build.0 = Release|Any CPU
	EndGlobalSection
	GlobalSection(SolutionProperties) = preSolution
		HideSolutionNode = FALSE
	EndGlobalSection
	GlobalSection(NestedProjects) = preSolution
		{6B66E7C2-F241-4F00-9ABE-5CFFB21BC175} = {35658B28-DC98-4FD7-8E20-68234B4F1D92}
		{EC9C7F5A-421F-41AA-9944-D1F3A46354D5} = {35658B28-DC98-4FD7-8E20-68234B4F1D92}
	EndGlobalSection
	GlobalSection(ExtensibilityGlobals) = postSolution
		SolutionGuid = {851C7250-0B51-41C1-AA84-1F161205CD22}
	EndGlobalSection
EndGlobal
